
Microsoft Visual Studio Solution File, Format Version 12.00
# Visual Studio 15
VisualStudioVersion = 15.0.28307.572
MinimumVisualStudioVersion = 10.0.40219.1
Project("{9A19103F-16F7-4668-BE54-9A1E7A4F7556}") = "Superfly.AspNetCore.Authentication.Custom", "Superfly.AspNetCore.Authentication.Custom\Superfly.AspNetCore.Authentication.Custom.csproj", "{839A1909-4559-400A-BCD8-206FA1FE9438}"
EndProject
Project("{FAE04EC0-301F-11D3-BF4B-00C04F79EFBC}") = "Superfly.AspNetCore.Authentication.Custom.Tests", "Superfly.AspNetCore.Authentication.Custom.Tests\Superfly.AspNetCore.Authentication.Custom.Tests.csproj", "{B3609107-B3EA-4550-8D11-8B05268F9234}"
EndProject
Global
	GlobalSection(SolutionConfigurationPlatforms) = preSolution
		Debug|Any CPU = Debug|Any CPU
		Release|Any CPU = Release|Any CPU
	EndGlobalSection
	GlobalSection(ProjectConfigurationPlatforms) = postSolution
		{839A1909-4559-400A-BCD8-206FA1FE9438}.Debug|Any CPU.ActiveCfg = Debug|Any CPU
		{839A1909-4559-400A-BCD8-206FA1FE9438}.Debug|Any CPU.Build.0 = Debug|Any CPU
		{839A1909-4559-400A-BCD8-206FA1FE9438}.Release|Any CPU.ActiveCfg = Release|Any CPU
		{839A1909-4559-400A-BCD8-206FA1FE9438}.Release|Any CPU.Build.0 = Release|Any CPU
		{B3609107-B3EA-4550-8D11-8B05268F9234}.Debug|Any CPU.ActiveCfg = Debug|Any CPU
		{B3609107-B3EA-4550-8D11-8B05268F9234}.Debug|Any CPU.Build.0 = Debug|Any CPU
		{B3609107-B3EA-4550-8D11-8B05268F9234}.Release|Any CPU.ActiveCfg = Release|Any CPU
		{B3609107-B3EA-4550-8D11-8B05268F9234}.Release|Any CPU.Build.0 = Release|Any CPU
	EndGlobalSection
	GlobalSection(SolutionProperties) = preSolution
		HideSolutionNode = FALSE
	EndGlobalSection
	GlobalSection(ExtensibilityGlobals) = postSolution
		SolutionGuid = {F8304F34-C562-47D7-B5B5-D35FBC60908C}
	EndGlobalSection
EndGlobal
